// !$*UTF8*$!
{
	archiveVersion = 1;
	classes = {
	};
	objectVersion = 77;
	objects = {

/* Begin PBXBuildFile section */
		0AD01B2F2D1511CB001B0DAE /* Localizable.xcstrings in Resources */ = {isa = PBXBuildFile; fileRef = 0AD01B2E2D1511CB001B0DAE /* Localizable.xcstrings */; };
		61B9E03D63126DBB2E6B2E7D /* Pods_heat_up_heat_upUITests.framework in Frameworks */ = {isa = PBXBuildFile; fileRef = BA3D31171428884F3D981904 /* Pods_heat_up_heat_upUITests.framework */; };
		8ADA87E20E8D9F439B49F7E2 /* Pods_heat_up.framework in Frameworks */ = {isa = PBXBuildFile; fileRef = EB2B50CBD215C0539DDBF63D /* Pods_heat_up.framework */; };
		DDE13383BA0E335CAAD8A4F5 /* Pods_heat_upTests.framework in Frameworks */ = {isa = PBXBuildFile; fileRef = 0C1E95C76CA863984B21E30D /* Pods_heat_upTests.framework */; };
/* End PBXBuildFile section */

/* Begin PBXContainerItemProxy section */
		0A1835DE2CF2FE1A00E034C3 /* PBXContainerItemProxy */ = {
			isa = PBXContainerItemProxy;
			containerPortal = 0A1835C32CF2FE1800E034C3 /* Project object */;
			proxyType = 1;
			remoteGlobalIDString = 0A1835CA2CF2FE1800E034C3;
			remoteInfo = heat_up;
		};
		0A1835E82CF2FE1B00E034C3 /* PBXContainerItemProxy */ = {
			isa = PBXContainerItemProxy;
			containerPortal = 0A1835C32CF2FE1800E034C3 /* Project object */;
			proxyType = 1;
			remoteGlobalIDString = 0A1835CA2CF2FE1800E034C3;
			remoteInfo = heat_up;
		};
/* End PBXContainerItemProxy section */

/* Begin PBXFileReference section */
		0A1835CB2CF2FE1800E034C3 /* heat_up.app */ = {isa = PBXFileReference; explicitFileType = wrapper.application; includeInIndex = 0; path = heat_up.app; sourceTree = BUILT_PRODUCTS_DIR; };
		0A1835DD2CF2FE1A00E034C3 /* heat_upTests.xctest */ = {isa = PBXFileReference; explicitFileType = wrapper.cfbundle; includeInIndex = 0; path = heat_upTests.xctest; sourceTree = BUILT_PRODUCTS_DIR; };
		0A1835E72CF2FE1B00E034C3 /* heat_upUITests.xctest */ = {isa = PBXFileReference; explicitFileType = wrapper.cfbundle; includeInIndex = 0; path = heat_upUITests.xctest; sourceTree = BUILT_PRODUCTS_DIR; };
		0AD01B2E2D1511CB001B0DAE /* Localizable.xcstrings */ = {isa = PBXFileReference; lastKnownFileType = text.json.xcstrings; path = Localizable.xcstrings; sourceTree = "<group>"; };
		0C1E95C76CA863984B21E30D /* Pods_heat_upTests.framework */ = {isa = PBXFileReference; explicitFileType = wrapper.framework; includeInIndex = 0; path = Pods_heat_upTests.framework; sourceTree = BUILT_PRODUCTS_DIR; };
		1FA1745EAF3193A6DA1A4C18 /* Pods-heat_up.debug.xcconfig */ = {isa = PBXFileReference; includeInIndex = 1; lastKnownFileType = text.xcconfig; name = "Pods-heat_up.debug.xcconfig"; path = "Target Support Files/Pods-heat_up/Pods-heat_up.debug.xcconfig"; sourceTree = "<group>"; };
		3EA3025A33BBA8AB84AFF884 /* Pods-heat_up-heat_upUITests.debug.xcconfig */ = {isa = PBXFileReference; includeInIndex = 1; lastKnownFileType = text.xcconfig; name = "Pods-heat_up-heat_upUITests.debug.xcconfig"; path = "Target Support Files/Pods-heat_up-heat_upUITests/Pods-heat_up-heat_upUITests.debug.xcconfig"; sourceTree = "<group>"; };
		4160F9A03F84D6DAFA70A01E /* Pods-heat_up-heat_upUITests.release.xcconfig */ = {isa = PBXFileReference; includeInIndex = 1; lastKnownFileType = text.xcconfig; name = "Pods-heat_up-heat_upUITests.release.xcconfig"; path = "Target Support Files/Pods-heat_up-heat_upUITests/Pods-heat_up-heat_upUITests.release.xcconfig"; sourceTree = "<group>"; };
		6B04C903C8414C375F5A636A /* Pods-heat_upTests.release.xcconfig */ = {isa = PBXFileReference; includeInIndex = 1; lastKnownFileType = text.xcconfig; name = "Pods-heat_upTests.release.xcconfig"; path = "Target Support Files/Pods-heat_upTests/Pods-heat_upTests.release.xcconfig"; sourceTree = "<group>"; };
		BA3D31171428884F3D981904 /* Pods_heat_up_heat_upUITests.framework */ = {isa = PBXFileReference; explicitFileType = wrapper.framework; includeInIndex = 0; path = Pods_heat_up_heat_upUITests.framework; sourceTree = BUILT_PRODUCTS_DIR; };
		D8DAE74371E1DF5FF36568FE /* Pods-heat_upTests.debug.xcconfig */ = {isa = PBXFileReference; includeInIndex = 1; lastKnownFileType = text.xcconfig; name = "Pods-heat_upTests.debug.xcconfig"; path = "Target Support Files/Pods-heat_upTests/Pods-heat_upTests.debug.xcconfig"; sourceTree = "<group>"; };
		E71A9FADEB1ACB25B46A6219 /* Pods-heat_up.release.xcconfig */ = {isa = PBXFileReference; includeInIndex = 1; lastKnownFileType = text.xcconfig; name = "Pods-heat_up.release.xcconfig"; path = "Target Support Files/Pods-heat_up/Pods-heat_up.release.xcconfig"; sourceTree = "<group>"; };
		EB2B50CBD215C0539DDBF63D /* Pods_heat_up.framework */ = {isa = PBXFileReference; explicitFileType = wrapper.framework; includeInIndex = 0; path = Pods_heat_up.framework; sourceTree = BUILT_PRODUCTS_DIR; };
/* End PBXFileReference section */

/* Begin PBXFileSystemSynchronizedBuildFileExceptionSet section */
		0ABAABFE2D2CF43400CA2472 /* Exceptions for "heat_up" folder in "heat_up" target */ = {
			isa = PBXFileSystemSynchronizedBuildFileExceptionSet;
			membershipExceptions = (
				"heat-up-Info.plist",
			);
			target = 0A1835CA2CF2FE1800E034C3 /* heat_up */;
		};
/* End PBXFileSystemSynchronizedBuildFileExceptionSet section */

/* Begin PBXFileSystemSynchronizedRootGroup section */
		0A1835CD2CF2FE1800E034C3 /* heat_up */ = {
			isa = PBXFileSystemSynchronizedRootGroup;
			exceptions = (
				0ABAABFE2D2CF43400CA2472 /* Exceptions for "heat_up" folder in "heat_up" target */,
			);
			path = heat_up;
			sourceTree = "<group>";
		};
		0A1835E02CF2FE1A00E034C3 /* heat_upTests */ = {
			isa = PBXFileSystemSynchronizedRootGroup;
			path = heat_upTests;
			sourceTree = "<group>";
		};
		0A1835EA2CF2FE1B00E034C3 /* heat_upUITests */ = {
			isa = PBXFileSystemSynchronizedRootGroup;
			path = heat_upUITests;
			sourceTree = "<group>";
		};
/* End PBXFileSystemSynchronizedRootGroup section */

/* Begin PBXFrameworksBuildPhase section */
		0A1835C82CF2FE1800E034C3 /* Frameworks */ = {
			isa = PBXFrameworksBuildPhase;
			buildActionMask = 2147483647;
			files = (
				8ADA87E20E8D9F439B49F7E2 /* Pods_heat_up.framework in Frameworks */,
			);
			runOnlyForDeploymentPostprocessing = 0;
		};
		0A1835DA2CF2FE1A00E034C3 /* Frameworks */ = {
			isa = PBXFrameworksBuildPhase;
			buildActionMask = 2147483647;
			files = (
				DDE13383BA0E335CAAD8A4F5 /* Pods_heat_upTests.framework in Frameworks */,
			);
			runOnlyForDeploymentPostprocessing = 0;
		};
		0A1835E42CF2FE1B00E034C3 /* Frameworks */ = {
			isa = PBXFrameworksBuildPhase;
			buildActionMask = 2147483647;
			files = (
				61B9E03D63126DBB2E6B2E7D /* Pods_heat_up_heat_upUITests.framework in Frameworks */,
			);
			runOnlyForDeploymentPostprocessing = 0;
		};
/* End PBXFrameworksBuildPhase section */

/* Begin PBXGroup section */
		0A1835C22CF2FE1800E034C3 = {
			isa = PBXGroup;
			children = (
				0AD01B2E2D1511CB001B0DAE /* Localizable.xcstrings */,
				0A1835CD2CF2FE1800E034C3 /* heat_up */,
				0A1835E02CF2FE1A00E034C3 /* heat_upTests */,
				0A1835EA2CF2FE1B00E034C3 /* heat_upUITests */,
				0A1835CC2CF2FE1800E034C3 /* Products */,
				12CAB16B0655E448D12D7A8F /* Pods */,
				1211831DA00AFE4B32BBAB9B /* Frameworks */,
			);
			sourceTree = "<group>";
		};
		0A1835CC2CF2FE1800E034C3 /* Products */ = {
			isa = PBXGroup;
			children = (
				0A1835CB2CF2FE1800E034C3 /* heat_up.app */,
				0A1835DD2CF2FE1A00E034C3 /* heat_upTests.xctest */,
				0A1835E72CF2FE1B00E034C3 /* heat_upUITests.xctest */,
			);
			name = Products;
			sourceTree = "<group>";
		};
		1211831DA00AFE4B32BBAB9B /* Frameworks */ = {
			isa = PBXGroup;
			children = (
				EB2B50CBD215C0539DDBF63D /* Pods_heat_up.framework */,
				BA3D31171428884F3D981904 /* Pods_heat_up_heat_upUITests.framework */,
				0C1E95C76CA863984B21E30D /* Pods_heat_upTests.framework */,
			);
			name = Frameworks;
			sourceTree = "<group>";
		};
		12CAB16B0655E448D12D7A8F /* Pods */ = {
			isa = PBXGroup;
			children = (
				1FA1745EAF3193A6DA1A4C18 /* Pods-heat_up.debug.xcconfig */,
				E71A9FADEB1ACB25B46A6219 /* Pods-heat_up.release.xcconfig */,
				3EA3025A33BBA8AB84AFF884 /* Pods-heat_up-heat_upUITests.debug.xcconfig */,
				4160F9A03F84D6DAFA70A01E /* Pods-heat_up-heat_upUITests.release.xcconfig */,
				D8DAE74371E1DF5FF36568FE /* Pods-heat_upTests.debug.xcconfig */,
				6B04C903C8414C375F5A636A /* Pods-heat_upTests.release.xcconfig */,
			);
			path = Pods;
			sourceTree = "<group>";
		};
/* End PBXGroup section */

/* Begin PBXNativeTarget section */
		0A1835CA2CF2FE1800E034C3 /* heat_up */ = {
			isa = PBXNativeTarget;
			buildConfigurationList = 0A1835F12CF2FE1B00E034C3 /* Build configuration list for PBXNativeTarget "heat_up" */;
			buildPhases = (
				9652BEF4F08AEAA7191C992D /* [CP] Check Pods Manifest.lock */,
				0A1835C72CF2FE1800E034C3 /* Sources */,
				0A1835C82CF2FE1800E034C3 /* Frameworks */,
				0A1835C92CF2FE1800E034C3 /* Resources */,
			);
			buildRules = (
			);
			dependencies = (
			);
			fileSystemSynchronizedGroups = (
				0A1835CD2CF2FE1800E034C3 /* heat_up */,
			);
			name = heat_up;
			productName = heat_up;
			productReference = 0A1835CB2CF2FE1800E034C3 /* heat_up.app */;
			productType = "com.apple.product-type.application";
		};
		0A1835DC2CF2FE1A00E034C3 /* heat_upTests */ = {
			isa = PBXNativeTarget;
			buildConfigurationList = 0A1835F42CF2FE1B00E034C3 /* Build configuration list for PBXNativeTarget "heat_upTests" */;
			buildPhases = (
				E8359C0E2566EC425CF68DD4 /* [CP] Check Pods Manifest.lock */,
				0A1835D92CF2FE1A00E034C3 /* Sources */,
				0A1835DA2CF2FE1A00E034C3 /* Frameworks */,
				0A1835DB2CF2FE1A00E034C3 /* Resources */,
			);
			buildRules = (
			);
			dependencies = (
				0A1835DF2CF2FE1A00E034C3 /* PBXTargetDependency */,
			);
			fileSystemSynchronizedGroups = (
				0A1835E02CF2FE1A00E034C3 /* heat_upTests */,
			);
			name = heat_upTests;
			productName = heat_upTests;
			productReference = 0A1835DD2CF2FE1A00E034C3 /* heat_upTests.xctest */;
			productType = "com.apple.product-type.bundle.unit-test";
		};
		0A1835E62CF2FE1B00E034C3 /* heat_upUITests */ = {
			isa = PBXNativeTarget;
			buildConfigurationList = 0A1835F72CF2FE1B00E034C3 /* Build configuration list for PBXNativeTarget "heat_upUITests" */;
			buildPhases = (
				16AD8169DDD2D2A942E87C7D /* [CP] Check Pods Manifest.lock */,
				0A1835E32CF2FE1B00E034C3 /* Sources */,
				0A1835E42CF2FE1B00E034C3 /* Frameworks */,
				0A1835E52CF2FE1B00E034C3 /* Resources */,
			);
			buildRules = (
			);
			dependencies = (
				0A1835E92CF2FE1B00E034C3 /* PBXTargetDependency */,
			);
			fileSystemSynchronizedGroups = (
				0A1835EA2CF2FE1B00E034C3 /* heat_upUITests */,
			);
			name = heat_upUITests;
			productName = heat_upUITests;
			productReference = 0A1835E72CF2FE1B00E034C3 /* heat_upUITests.xctest */;
			productType = "com.apple.product-type.bundle.ui-testing";
		};
/* End PBXNativeTarget section */

/* Begin PBXProject section */
		0A1835C32CF2FE1800E034C3 /* Project object */ = {
			isa = PBXProject;
			attributes = {
				BuildIndependentTargetsInParallel = 1;
				LastSwiftUpdateCheck = 1610;
				LastUpgradeCheck = 1610;
				TargetAttributes = {
					0A1835CA2CF2FE1800E034C3 = {
						CreatedOnToolsVersion = 16.1;
					};
					0A1835DC2CF2FE1A00E034C3 = {
						CreatedOnToolsVersion = 16.1;
						TestTargetID = 0A1835CA2CF2FE1800E034C3;
					};
					0A1835E62CF2FE1B00E034C3 = {
						CreatedOnToolsVersion = 16.1;
						TestTargetID = 0A1835CA2CF2FE1800E034C3;
					};
				};
			};
			buildConfigurationList = 0A1835C62CF2FE1800E034C3 /* Build configuration list for PBXProject "heat_up" */;
			developmentRegion = en;
			hasScannedForEncodings = 0;
			knownRegions = (
				en,
				ru,
				Base,
			);
			mainGroup = 0A1835C22CF2FE1800E034C3;
			minimizedProjectReferenceProxies = 1;
			preferredProjectObjectVersion = 77;
			productRefGroup = 0A1835CC2CF2FE1800E034C3 /* Products */;
			projectDirPath = "";
			projectRoot = "";
			targets = (
				0A1835CA2CF2FE1800E034C3 /* heat_up */,
				0A1835DC2CF2FE1A00E034C3 /* heat_upTests */,
				0A1835E62CF2FE1B00E034C3 /* heat_upUITests */,
			);
		};
/* End PBXProject section */

/* Begin PBXResourcesBuildPhase section */
		0A1835C92CF2FE1800E034C3 /* Resources */ = {
			isa = PBXResourcesBuildPhase;
			buildActionMask = 2147483647;
			files = (
				0AD01B2F2D1511CB001B0DAE /* Localizable.xcstrings in Resources */,
			);
			runOnlyForDeploymentPostprocessing = 0;
		};
		0A1835DB2CF2FE1A00E034C3 /* Resources */ = {
			isa = PBXResourcesBuildPhase;
			buildActionMask = 2147483647;
			files = (
			);
			runOnlyForDeploymentPostprocessing = 0;
		};
		0A1835E52CF2FE1B00E034C3 /* Resources */ = {
			isa = PBXResourcesBuildPhase;
			buildActionMask = 2147483647;
			files = (
			);
			runOnlyForDeploymentPostprocessing = 0;
		};
/* End PBXResourcesBuildPhase section */

/* Begin PBXShellScriptBuildPhase section */
		16AD8169DDD2D2A942E87C7D /* [CP] Check Pods Manifest.lock */ = {
			isa = PBXShellScriptBuildPhase;
			buildActionMask = 2147483647;
			files = (
			);
			inputFileListPaths = (
			);
			inputPaths = (
				"${PODS_PODFILE_DIR_PATH}/Podfile.lock",
				"${PODS_ROOT}/Manifest.lock",
			);
			name = "[CP] Check Pods Manifest.lock";
			outputFileListPaths = (
			);
			outputPaths = (
				"$(DERIVED_FILE_DIR)/Pods-heat_up-heat_upUITests-checkManifestLockResult.txt",
			);
			runOnlyForDeploymentPostprocessing = 0;
			shellPath = /bin/sh;
			shellScript = "diff \"${PODS_PODFILE_DIR_PATH}/Podfile.lock\" \"${PODS_ROOT}/Manifest.lock\" > /dev/null\nif [ $? != 0 ] ; then\n    # print error to STDERR\n    echo \"error: The sandbox is not in sync with the Podfile.lock. Run 'pod install' or update your CocoaPods installation.\" >&2\n    exit 1\nfi\n# This output is used by Xcode 'outputs' to avoid re-running this script phase.\necho \"SUCCESS\" > \"${SCRIPT_OUTPUT_FILE_0}\"\n";
			showEnvVarsInLog = 0;
		};
		9652BEF4F08AEAA7191C992D /* [CP] Check Pods Manifest.lock */ = {
			isa = PBXShellScriptBuildPhase;
			buildActionMask = 2147483647;
			files = (
			);
			inputFileListPaths = (
			);
			inputPaths = (
				"${PODS_PODFILE_DIR_PATH}/Podfile.lock",
				"${PODS_ROOT}/Manifest.lock",
			);
			name = "[CP] Check Pods Manifest.lock";
			outputFileListPaths = (
			);
			outputPaths = (
				"$(DERIVED_FILE_DIR)/Pods-heat_up-checkManifestLockResult.txt",
			);
			runOnlyForDeploymentPostprocessing = 0;
			shellPath = /bin/sh;
			shellScript = "diff \"${PODS_PODFILE_DIR_PATH}/Podfile.lock\" \"${PODS_ROOT}/Manifest.lock\" > /dev/null\nif [ $? != 0 ] ; then\n    # print error to STDERR\n    echo \"error: The sandbox is not in sync with the Podfile.lock. Run 'pod install' or update your CocoaPods installation.\" >&2\n    exit 1\nfi\n# This output is used by Xcode 'outputs' to avoid re-running this script phase.\necho \"SUCCESS\" > \"${SCRIPT_OUTPUT_FILE_0}\"\n";
			showEnvVarsInLog = 0;
		};
		E8359C0E2566EC425CF68DD4 /* [CP] Check Pods Manifest.lock */ = {
			isa = PBXShellScriptBuildPhase;
			buildActionMask = 2147483647;
			files = (
			);
			inputFileListPaths = (
			);
			inputPaths = (
				"${PODS_PODFILE_DIR_PATH}/Podfile.lock",
				"${PODS_ROOT}/Manifest.lock",
			);
			name = "[CP] Check Pods Manifest.lock";
			outputFileListPaths = (
			);
			outputPaths = (
				"$(DERIVED_FILE_DIR)/Pods-heat_upTests-checkManifestLockResult.txt",
			);
			runOnlyForDeploymentPostprocessing = 0;
			shellPath = /bin/sh;
			shellScript = "diff \"${PODS_PODFILE_DIR_PATH}/Podfile.lock\" \"${PODS_ROOT}/Manifest.lock\" > /dev/null\nif [ $? != 0 ] ; then\n    # print error to STDERR\n    echo \"error: The sandbox is not in sync with the Podfile.lock. Run 'pod install' or update your CocoaPods installation.\" >&2\n    exit 1\nfi\n# This output is used by Xcode 'outputs' to avoid re-running this script phase.\necho \"SUCCESS\" > \"${SCRIPT_OUTPUT_FILE_0}\"\n";
			showEnvVarsInLog = 0;
		};
/* End PBXShellScriptBuildPhase section */

/* Begin PBXSourcesBuildPhase section */
		0A1835C72CF2FE1800E034C3 /* Sources */ = {
			isa = PBXSourcesBuildPhase;
			buildActionMask = 2147483647;
			files = (
			);
			runOnlyForDeploymentPostprocessing = 0;
		};
		0A1835D92CF2FE1A00E034C3 /* Sources */ = {
			isa = PBXSourcesBuildPhase;
			buildActionMask = 2147483647;
			files = (
			);
			runOnlyForDeploymentPostprocessing = 0;
		};
		0A1835E32CF2FE1B00E034C3 /* Sources */ = {
			isa = PBXSourcesBuildPhase;
			buildActionMask = 2147483647;
			files = (
			);
			runOnlyForDeploymentPostprocessing = 0;
		};
/* End PBXSourcesBuildPhase section */

/* Begin PBXTargetDependency section */
		0A1835DF2CF2FE1A00E034C3 /* PBXTargetDependency */ = {
			isa = PBXTargetDependency;
			target = 0A1835CA2CF2FE1800E034C3 /* heat_up */;
			targetProxy = 0A1835DE2CF2FE1A00E034C3 /* PBXContainerItemProxy */;
		};
		0A1835E92CF2FE1B00E034C3 /* PBXTargetDependency */ = {
			isa = PBXTargetDependency;
			target = 0A1835CA2CF2FE1800E034C3 /* heat_up */;
			targetProxy = 0A1835E82CF2FE1B00E034C3 /* PBXContainerItemProxy */;
		};
/* End PBXTargetDependency section */

/* Begin XCBuildConfiguration section */
		0A1835EF2CF2FE1B00E034C3 /* Debug */ = {
			isa = XCBuildConfiguration;
			buildSettings = {
				ALWAYS_SEARCH_USER_PATHS = NO;
				ASSETCATALOG_COMPILER_GENERATE_SWIFT_ASSET_SYMBOL_EXTENSIONS = YES;
				CLANG_ANALYZER_NONNULL = YES;
				CLANG_ANALYZER_NUMBER_OBJECT_CONVERSION = YES_AGGRESSIVE;
				CLANG_CXX_LANGUAGE_STANDARD = "gnu++20";
				CLANG_ENABLE_MODULES = YES;
				CLANG_ENABLE_OBJC_ARC = YES;
				CLANG_ENABLE_OBJC_WEAK = YES;
				CLANG_WARN_BLOCK_CAPTURE_AUTORELEASING = YES;
				CLANG_WARN_BOOL_CONVERSION = YES;
				CLANG_WARN_COMMA = YES;
				CLANG_WARN_CONSTANT_CONVERSION = YES;
				CLANG_WARN_DEPRECATED_OBJC_IMPLEMENTATIONS = YES;
				CLANG_WARN_DIRECT_OBJC_ISA_USAGE = YES_ERROR;
				CLANG_WARN_DOCUMENTATION_COMMENTS = YES;
				CLANG_WARN_EMPTY_BODY = YES;
				CLANG_WARN_ENUM_CONVERSION = YES;
				CLANG_WARN_INFINITE_RECURSION = YES;
				CLANG_WARN_INT_CONVERSION = YES;
				CLANG_WARN_NON_LITERAL_NULL_CONVERSION = YES;
				CLANG_WARN_OBJC_IMPLICIT_RETAIN_SELF = YES;
				CLANG_WARN_OBJC_LITERAL_CONVERSION = YES;
				CLANG_WARN_OBJC_ROOT_CLASS = YES_ERROR;
				CLANG_WARN_QUOTED_INCLUDE_IN_FRAMEWORK_HEADER = YES;
				CLANG_WARN_RANGE_LOOP_ANALYSIS = YES;
				CLANG_WARN_STRICT_PROTOTYPES = YES;
				CLANG_WARN_SUSPICIOUS_MOVE = YES;
				CLANG_WARN_UNGUARDED_AVAILABILITY = YES_AGGRESSIVE;
				CLANG_WARN_UNREACHABLE_CODE = YES;
				CLANG_WARN__DUPLICATE_METHOD_MATCH = YES;
				COPY_PHASE_STRIP = NO;
				DEBUG_INFORMATION_FORMAT = dwarf;
				ENABLE_STRICT_OBJC_MSGSEND = YES;
				ENABLE_TESTABILITY = YES;
				ENABLE_USER_SCRIPT_SANDBOXING = NO;
				GCC_C_LANGUAGE_STANDARD = gnu17;
				GCC_DYNAMIC_NO_PIC = NO;
				GCC_NO_COMMON_BLOCKS = YES;
				GCC_OPTIMIZATION_LEVEL = 0;
				GCC_PREPROCESSOR_DEFINITIONS = (
					"DEBUG=1",
					"$(inherited)",
				);
				GCC_WARN_64_TO_32_BIT_CONVERSION = YES;
				GCC_WARN_ABOUT_RETURN_TYPE = YES_ERROR;
				GCC_WARN_UNDECLARED_SELECTOR = YES;
				GCC_WARN_UNINITIALIZED_AUTOS = YES_AGGRESSIVE;
				GCC_WARN_UNUSED_FUNCTION = YES;
				GCC_WARN_UNUSED_VARIABLE = YES;
				IPHONEOS_DEPLOYMENT_TARGET = 18.1;
				LOCALIZATION_PREFERS_STRING_CATALOGS = YES;
				MTL_ENABLE_DEBUG_INFO = INCLUDE_SOURCE;
				MTL_FAST_MATH = YES;
				ONLY_ACTIVE_ARCH = YES;
				SDKROOT = iphoneos;
				SWIFT_ACTIVE_COMPILATION_CONDITIONS = "DEBUG $(inherited)";
				SWIFT_EMIT_LOC_STRINGS = YES;
				SWIFT_OPTIMIZATION_LEVEL = "-Onone";
			};
			name = Debug;
		};
		0A1835F02CF2FE1B00E034C3 /* Release */ = {
			isa = XCBuildConfiguration;
			buildSettings = {
				ALWAYS_SEARCH_USER_PATHS = NO;
				ASSETCATALOG_COMPILER_GENERATE_SWIFT_ASSET_SYMBOL_EXTENSIONS = YES;
				CLANG_ANALYZER_NONNULL = YES;
				CLANG_ANALYZER_NUMBER_OBJECT_CONVERSION = YES_AGGRESSIVE;
				CLANG_CXX_LANGUAGE_STANDARD = "gnu++20";
				CLANG_ENABLE_MODULES = YES;
				CLANG_ENABLE_OBJC_ARC = YES;
				CLANG_ENABLE_OBJC_WEAK = YES;
				CLANG_WARN_BLOCK_CAPTURE_AUTORELEASING = YES;
				CLANG_WARN_BOOL_CONVERSION = YES;
				CLANG_WARN_COMMA = YES;
				CLANG_WARN_CONSTANT_CONVERSION = YES;
				CLANG_WARN_DEPRECATED_OBJC_IMPLEMENTATIONS = YES;
				CLANG_WARN_DIRECT_OBJC_ISA_USAGE = YES_ERROR;
				CLANG_WARN_DOCUMENTATION_COMMENTS = YES;
				CLANG_WARN_EMPTY_BODY = YES;
				CLANG_WARN_ENUM_CONVERSION = YES;
				CLANG_WARN_INFINITE_RECURSION = YES;
				CLANG_WARN_INT_CONVERSION = YES;
				CLANG_WARN_NON_LITERAL_NULL_CONVERSION = YES;
				CLANG_WARN_OBJC_IMPLICIT_RETAIN_SELF = YES;
				CLANG_WARN_OBJC_LITERAL_CONVERSION = YES;
				CLANG_WARN_OBJC_ROOT_CLASS = YES_ERROR;
				CLANG_WARN_QUOTED_INCLUDE_IN_FRAMEWORK_HEADER = YES;
				CLANG_WARN_RANGE_LOOP_ANALYSIS = YES;
				CLANG_WARN_STRICT_PROTOTYPES = YES;
				CLANG_WARN_SUSPICIOUS_MOVE = YES;
				CLANG_WARN_UNGUARDED_AVAILABILITY = YES_AGGRESSIVE;
				CLANG_WARN_UNREACHABLE_CODE = YES;
				CLANG_WARN__DUPLICATE_METHOD_MATCH = YES;
				COPY_PHASE_STRIP = NO;
				DEBUG_INFORMATION_FORMAT = "dwarf-with-dsym";
				ENABLE_NS_ASSERTIONS = NO;
				ENABLE_STRICT_OBJC_MSGSEND = YES;
				ENABLE_USER_SCRIPT_SANDBOXING = NO;
				GCC_C_LANGUAGE_STANDARD = gnu17;
				GCC_NO_COMMON_BLOCKS = YES;
				GCC_WARN_64_TO_32_BIT_CONVERSION = YES;
				GCC_WARN_ABOUT_RETURN_TYPE = YES_ERROR;
				GCC_WARN_UNDECLARED_SELECTOR = YES;
				GCC_WARN_UNINITIALIZED_AUTOS = YES_AGGRESSIVE;
				GCC_WARN_UNUSED_FUNCTION = YES;
				GCC_WARN_UNUSED_VARIABLE = YES;
				IPHONEOS_DEPLOYMENT_TARGET = 18.1;
				LOCALIZATION_PREFERS_STRING_CATALOGS = YES;
				MTL_ENABLE_DEBUG_INFO = NO;
				MTL_FAST_MATH = YES;
				SDKROOT = iphoneos;
				SWIFT_COMPILATION_MODE = wholemodule;
				SWIFT_EMIT_LOC_STRINGS = YES;
				VALIDATE_PRODUCT = YES;
			};
			name = Release;
		};
		0A1835F22CF2FE1B00E034C3 /* Debug */ = {
			isa = XCBuildConfiguration;
			baseConfigurationReference = 1FA1745EAF3193A6DA1A4C18 /* Pods-heat_up.debug.xcconfig */;
			buildSettings = {
				ASSETCATALOG_COMPILER_APPICON_NAME = AppIcon;
				ASSETCATALOG_COMPILER_GLOBAL_ACCENT_COLOR_NAME = AccentColor;
				CODE_SIGN_STYLE = Automatic;
				CURRENT_PROJECT_VERSION = 1;
				DEVELOPMENT_ASSET_PATHS = "\"heat_up/Resources/Preview Content\"";
				DEVELOPMENT_TEAM = S6J52SHHNR;
				ENABLE_PREVIEWS = YES;
				GENERATE_INFOPLIST_FILE = YES;
				INFOPLIST_FILE = "heat-up-Info.plist";
				INFOPLIST_KEY_UIApplicationSceneManifest_Generation = YES;
				INFOPLIST_KEY_UIApplicationSupportsIndirectInputEvents = YES;
				INFOPLIST_KEY_UILaunchScreen_Generation = YES;
				INFOPLIST_KEY_UISupportedInterfaceOrientations_iPad = "UIInterfaceOrientationPortrait UIInterfaceOrientationPortraitUpsideDown UIInterfaceOrientationLandscapeLeft UIInterfaceOrientationLandscapeRight";
				INFOPLIST_KEY_UISupportedInterfaceOrientations_iPhone = "UIInterfaceOrientationPortrait UIInterfaceOrientationLandscapeLeft UIInterfaceOrientationLandscapeRight";
				LD_RUNPATH_SEARCH_PATHS = (
					"$(inherited)",
					"@executable_path/Frameworks",
				);
				MARKETING_VERSION = 1.0;
				PRODUCT_BUNDLE_IDENTIFIER = "heat-up.heat-up";
				PRODUCT_NAME = "$(TARGET_NAME)";
				SWIFT_EMIT_LOC_STRINGS = YES;
				SWIFT_VERSION = 5.0;
				TARGETED_DEVICE_FAMILY = "1,2";
			};
			name = Debug;
		};
		0A1835F32CF2FE1B00E034C3 /* Release */ = {
			isa = XCBuildConfiguration;
			baseConfigurationReference = E71A9FADEB1ACB25B46A6219 /* Pods-heat_up.release.xcconfig */;
			buildSettings = {
				ASSETCATALOG_COMPILER_APPICON_NAME = AppIcon;
				ASSETCATALOG_COMPILER_GLOBAL_ACCENT_COLOR_NAME = AccentColor;
				CODE_SIGN_STYLE = Automatic;
				CURRENT_PROJECT_VERSION = 1;
				DEVELOPMENT_ASSET_PATHS = "\"heat_up/Resources/Preview Content\"";
				DEVELOPMENT_TEAM = S6J52SHHNR;
				ENABLE_PREVIEWS = YES;
				GENERATE_INFOPLIST_FILE = YES;
				INFOPLIST_FILE = "heat-up-Info.plist";
				INFOPLIST_KEY_UIApplicationSceneManifest_Generation = YES;
				INFOPLIST_KEY_UIApplicationSupportsIndirectInputEvents = YES;
				INFOPLIST_KEY_UILaunchScreen_Generation = YES;
				INFOPLIST_KEY_UISupportedInterfaceOrientations_iPad = "UIInterfaceOrientationPortrait UIInterfaceOrientationPortraitUpsideDown UIInterfaceOrientationLandscapeLeft UIInterfaceOrientationLandscapeRight";
				INFOPLIST_KEY_UISupportedInterfaceOrientations_iPhone = "UIInterfaceOrientationPortrait UIInterfaceOrientationLandscapeLeft UIInterfaceOrientationLandscapeRight";
				LD_RUNPATH_SEARCH_PATHS = (
					"$(inherited)",
					"@executable_path/Frameworks",
				);
				MARKETING_VERSION = 1.0;
				PRODUCT_BUNDLE_IDENTIFIER = "heat-up.heat-up";
				PRODUCT_NAME = "$(TARGET_NAME)";
				SWIFT_EMIT_LOC_STRINGS = YES;
				SWIFT_VERSION = 5.0;
				TARGETED_DEVICE_FAMILY = "1,2";
			};
			name = Release;
		};
		0A1835F52CF2FE1B00E034C3 /* Debug */ = {
			isa = XCBuildConfiguration;
			baseConfigurationReference = D8DAE74371E1DF5FF36568FE /* Pods-heat_upTests.debug.xcconfig */;
			buildSettings = {
				BUNDLE_LOADER = "$(TEST_HOST)";
				CODE_SIGN_STYLE = Automatic;
				CURRENT_PROJECT_VERSION = 1;
				GENERATE_INFOPLIST_FILE = YES;
				IPHONEOS_DEPLOYMENT_TARGET = 18.1;
				MARKETING_VERSION = 1.0;
				PRODUCT_BUNDLE_IDENTIFIER = "heat-up.heat-upTests";
				PRODUCT_NAME = "$(TARGET_NAME)";
				SWIFT_EMIT_LOC_STRINGS = NO;
				SWIFT_VERSION = 5.0;
				TARGETED_DEVICE_FAMILY = "1,2";
				TEST_HOST = "$(BUILT_PRODUCTS_DIR)/heat_up.app/$(BUNDLE_EXECUTABLE_FOLDER_PATH)/heat_up";
			};
			name = Debug;
		};
		0A1835F62CF2FE1B00E034C3 /* Release */ = {
			isa = XCBuildConfiguration;
			baseConfigurationReference = 6B04C903C8414C375F5A636A /* Pods-heat_upTests.release.xcconfig */;
			buildSettings = {
				BUNDLE_LOADER = "$(TEST_HOST)";
				CODE_SIGN_STYLE = Automatic;
				CURRENT_PROJECT_VERSION = 1;
				GENERATE_INFOPLIST_FILE = YES;
				IPHONEOS_DEPLOYMENT_TARGET = 18.1;
				MARKETING_VERSION = 1.0;
				PRODUCT_BUNDLE_IDENTIFIER = "heat-up.heat-upTests";
				PRODUCT_NAME = "$(TARGET_NAME)";
				SWIFT_EMIT_LOC_STRINGS = NO;
				SWIFT_VERSION = 5.0;
				TARGETED_DEVICE_FAMILY = "1,2";
				TEST_HOST = "$(BUILT_PRODUCTS_DIR)/heat_up.app/$(BUNDLE_EXECUTABLE_FOLDER_PATH)/heat_up";
			};
			name = Release;
		};
		0A1835F82CF2FE1B00E034C3 /* Debug */ = {
			isa = XCBuildConfiguration;
			baseConfigurationReference = 3EA3025A33BBA8AB84AFF884 /* Pods-heat_up-heat_upUITests.debug.xcconfig */;
			buildSettings = {
				CODE_SIGN_STYLE = Automatic;
				CURRENT_PROJECT_VERSION = 1;
				GENERATE_INFOPLIST_FILE = YES;
				MARKETING_VERSION = 1.0;
				PRODUCT_BUNDLE_IDENTIFIER = "heat-up.heat-upUITests";
				PRODUCT_NAME = "$(TARGET_NAME)";
				SWIFT_EMIT_LOC_STRINGS = NO;
				SWIFT_VERSION = 5.0;
				TARGETED_DEVICE_FAMILY = "1,2";
				TEST_TARGET_NAME = heat_up;
			};
			name = Debug;
		};
		0A1835F92CF2FE1B00E034C3 /* Release */ = {
			isa = XCBuildConfiguration;
			baseConfigurationReference = 4160F9A03F84D6DAFA70A01E /* Pods-heat_up-heat_upUITests.release.xcconfig */;
			buildSettings = {
				CODE_SIGN_STYLE = Automatic;
				CURRENT_PROJECT_VERSION = 1;
				GENERATE_INFOPLIST_FILE = YES;
				MARKETING_VERSION = 1.0;
				PRODUCT_BUNDLE_IDENTIFIER = "heat-up.heat-upUITests";
				PRODUCT_NAME = "$(TARGET_NAME)";
				SWIFT_EMIT_LOC_STRINGS = NO;
				SWIFT_VERSION = 5.0;
				TARGETED_DEVICE_FAMILY = "1,2";
				TEST_TARGET_NAME = heat_up;
			};
			name = Release;
		};
/* End XCBuildConfiguration section */

/* Begin XCConfigurationList section */
		0A1835C62CF2FE1800E034C3 /* Build configuration list for PBXProject "heat_up" */ = {
			isa = XCConfigurationList;
			buildConfigurations = (
				0A1835EF2CF2FE1B00E034C3 /* Debug */,
				0A1835F02CF2FE1B00E034C3 /* Release */,
			);
			defaultConfigurationIsVisible = 0;
			defaultConfigurationName = Release;
		};
		0A1835F12CF2FE1B00E034C3 /* Build configuration list for PBXNativeTarget "heat_up" */ = {
			isa = XCConfigurationList;
			buildConfigurations = (
				0A1835F22CF2FE1B00E034C3 /* Debug */,
				0A1835F32CF2FE1B00E034C3 /* Release */,
			);
			defaultConfigurationIsVisible = 0;
			defaultConfigurationName = Release;
		};
		0A1835F42CF2FE1B00E034C3 /* Build configuration list for PBXNativeTarget "heat_upTests" */ = {
			isa = XCConfigurationList;
			buildConfigurations = (
				0A1835F52CF2FE1B00E034C3 /* Debug */,
				0A1835F62CF2FE1B00E034C3 /* Release */,
			);
			defaultConfigurationIsVisible = 0;
			defaultConfigurationName = Release;
		};
		0A1835F72CF2FE1B00E034C3 /* Build configuration list for PBXNativeTarget "heat_upUITests" */ = {
			isa = XCConfigurationList;
			buildConfigurations = (
				0A1835F82CF2FE1B00E034C3 /* Debug */,
				0A1835F92CF2FE1B00E034C3 /* Release */,
			);
			defaultConfigurationIsVisible = 0;
			defaultConfigurationName = Release;
		};
/* End XCConfigurationList section */
	};
	rootObject = 0A1835C32CF2FE1800E034C3 /* Project object */;
}
